
Microsoft Visual Studio Solution File, Format Version 12.00
# Visual Studio 15
VisualStudioVersion = 15.0.27703.2018
MinimumVisualStudioVersion = 10.0.40219.1
Project("{FAE04EC0-301F-11D3-BF4B-00C04F79EFBC}") = "Edison.Devices.SmartBulb", "Edison.Devices\Edison.Devices.SmartBulb\Edison.Devices.SmartBulb.csproj", "{BD5DDA97-4EAC-408F-89E2-5BF68C66FDAF}"
EndProject
Project("{FAE04EC0-301F-11D3-BF4B-00C04F79EFBC}") = "Edison.Devices.SoundSensor", "Edison.Devices\Edison.Devices.SoundSensor\Edison.Devices.SoundSensor.csproj", "{EAE02866-F72A-414B-A35E-59E5DD1F2FE5}"
EndProject
Project("{9A19103F-16F7-4668-BE54-9A1E7A4F7556}") = "Edison.Simulators.Sensors", "Edison.Devices\Edison.Simulators.Sensors\Edison.Simulators.Sensors.csproj", "{9BB357B7-9B06-4C51-B65F-FAAF0C11F659}"
EndProject
Project("{FAE04EC0-301F-11D3-BF4B-00C04F79EFBC}") = "Edison.Devices.Common", "Edison.Devices\Edison.Devices.Common\Edison.Devices.Common.csproj", "{CB71776A-171A-4338-910C-632A2D98A8A3}"
EndProject
Project("{9A19103F-16F7-4668-BE54-9A1E7A4F7556}") = "Edison.Common.Repositories", "Edison.Web\Edison.Common.Repositories\Edison.Common.Repositories.csproj", "{E694E5AB-871F-4639-9CFC-9CF65AE68FF0}"
EndProject
Project("{2150E333-8FDC-42A3-9474-1A3956D46DE8}") = "Edison.Web", "Edison.Web", "{57A81100-30D4-4CEF-8690-65F7C377A855}"
EndProject
Project("{9A19103F-16F7-4668-BE54-9A1E7A4F7556}") = "Edison.Core.Common", "Edison.Core\Edison.Core.Common\Edison.Core.Common.csproj", "{7A395D60-4F31-4F56-894D-0464CBA1CC55}"
EndProject
Project("{9A19103F-16F7-4668-BE54-9A1E7A4F7556}") = "Edison.Simulators.CSVGenerator", "Edison.Devices\Edison.Simulators.CSVGenerator\Edison.Simulators.CSVGenerator.csproj", "{CE807FC5-505E-4DB0-BDF9-C77016B62779}"
EndProject
Project("{9A19103F-16F7-4668-BE54-9A1E7A4F7556}") = "Edison.Common.DAO", "Edison.Web\Edison.Common.DAO\Edison.Common.DAO.csproj", "{4EE47824-891A-4174-A000-91E1A405BA0B}"
EndProject
Project("{2150E333-8FDC-42A3-9474-1A3956D46DE8}") = "DebugClient", "DebugClient", "{A453E687-D9ED-4A64-82C4-1F679FC20E23}"
EndProject
Project("{FAE04EC0-301F-11D3-BF4B-00C04F79EFBC}") = "Edison.Devices.Onboarding", "Edison.Devices\Edison.Devices.Onboarding\Edison.Devices.Onboarding.csproj", "{0A2C8B59-CD06-493F-8CC5-6E8AAB1F5F9B}"
EndProject
Project("{FAE04EC0-301F-11D3-BF4B-00C04F79EFBC}") = "Edison.Devices.Onboarding.Client.UWP", "Edison.Devices\Development\Edison.Devices.Onboarding.Client.UWP\Edison.Devices.Onboarding.Client.UWP.csproj", "{E7B0D02C-5053-4B2E-9B94-3420D52A5745}"
EndProject
Project("{D954291E-2A0B-460D-934E-DC6B0785DB48}") = "Edison.Devices.Onboarding.Client", "Edison.Devices\Development\Edison.Devices.Onboarding.Client\Edison.Devices.Onboarding.Client.shproj", "{84E206A4-D5F7-499E-BA79-1E4EA362C162}"
EndProject
Project("{FAE04EC0-301F-11D3-BF4B-00C04F79EFBC}") = "Edison.Devices.Onboarding.Common", "Edison.Devices\Edison.Devices.Onboarding.Common\Edison.Devices.Onboarding.Common.csproj", "{EF5EA191-30D7-4DFF-8CDF-FE4B3A0E340D}"
EndProject
Project("{2150E333-8FDC-42A3-9474-1A3956D46DE8}") = "Onboarding", "Onboarding", "{255D4337-6EFF-4558-8194-5CF90224FF29}"
EndProject
Project("{2150E333-8FDC-42A3-9474-1A3956D46DE8}") = "Sensors", "Sensors", "{50446C0D-687D-4424-AA00-A3AA6EF8915B}"
EndProject
Project("{2150E333-8FDC-42A3-9474-1A3956D46DE8}") = "Tools", "Tools", "{C2C4D080-1349-4460-8CB4-59512532C494}"
EndProject
Project("{2150E333-8FDC-42A3-9474-1A3956D46DE8}") = "Server", "Server", "{BFD6D481-F836-4CE6-8668-774BBDD1DC5A}"
EndProject
Global
	GlobalSection(SharedMSBuildProjectFiles) = preSolution
		Edison.Devices\Development\Edison.Devices.Onboarding.Client\Edison.Devices.Onboarding.Client.projitems*{84e206a4-d5f7-499e-ba79-1e4ea362c162}*SharedItemsImports = 13
		Edison.Devices\Development\Edison.Devices.Onboarding.Client\Edison.Devices.Onboarding.Client.projitems*{e7b0d02c-5053-4b2e-9b94-3420d52a5745}*SharedItemsImports = 4
	EndGlobalSection
	GlobalSection(SolutionConfigurationPlatforms) = preSolution
		Debug|Any CPU = Debug|Any CPU
		Debug|ARM = Debug|ARM
		Debug|x64 = Debug|x64
		Debug|x86 = Debug|x86
		Release|Any CPU = Release|Any CPU
		Release|ARM = Release|ARM
		Release|x64 = Release|x64
		Release|x86 = Release|x86
	EndGlobalSection
	GlobalSection(ProjectConfigurationPlatforms) = postSolution
		{BD5DDA97-4EAC-408F-89E2-5BF68C66FDAF}.Debug|Any CPU.ActiveCfg = Debug|x86
		{BD5DDA97-4EAC-408F-89E2-5BF68C66FDAF}.Debug|ARM.ActiveCfg = Debug|ARM
		{BD5DDA97-4EAC-408F-89E2-5BF68C66FDAF}.Debug|ARM.Build.0 = Debug|ARM
		{BD5DDA97-4EAC-408F-89E2-5BF68C66FDAF}.Debug|ARM.Deploy.0 = Debug|ARM
		{BD5DDA97-4EAC-408F-89E2-5BF68C66FDAF}.Debug|x64.ActiveCfg = Debug|x64
		{BD5DDA97-4EAC-408F-89E2-5BF68C66FDAF}.Debug|x64.Build.0 = Debug|x64
		{BD5DDA97-4EAC-408F-89E2-5BF68C66FDAF}.Debug|x64.Deploy.0 = Debug|x64
		{BD5DDA97-4EAC-408F-89E2-5BF68C66FDAF}.Debug|x86.ActiveCfg = Debug|x86
		{BD5DDA97-4EAC-408F-89E2-5BF68C66FDAF}.Debug|x86.Build.0 = Debug|x86
		{BD5DDA97-4EAC-408F-89E2-5BF68C66FDAF}.Debug|x86.Deploy.0 = Debug|x86
		{BD5DDA97-4EAC-408F-89E2-5BF68C66FDAF}.Release|Any CPU.ActiveCfg = Release|x86
		{BD5DDA97-4EAC-408F-89E2-5BF68C66FDAF}.Release|ARM.ActiveCfg = Release|ARM
		{BD5DDA97-4EAC-408F-89E2-5BF68C66FDAF}.Release|ARM.Build.0 = Release|ARM
		{BD5DDA97-4EAC-408F-89E2-5BF68C66FDAF}.Release|ARM.Deploy.0 = Release|ARM
		{BD5DDA97-4EAC-408F-89E2-5BF68C66FDAF}.Release|x64.ActiveCfg = Release|x64
		{BD5DDA97-4EAC-408F-89E2-5BF68C66FDAF}.Release|x64.Build.0 = Release|x64
		{BD5DDA97-4EAC-408F-89E2-5BF68C66FDAF}.Release|x64.Deploy.0 = Release|x64
		{BD5DDA97-4EAC-408F-89E2-5BF68C66FDAF}.Release|x86.ActiveCfg = Release|x86
		{BD5DDA97-4EAC-408F-89E2-5BF68C66FDAF}.Release|x86.Build.0 = Release|x86
		{BD5DDA97-4EAC-408F-89E2-5BF68C66FDAF}.Release|x86.Deploy.0 = Release|x86
		{EAE02866-F72A-414B-A35E-59E5DD1F2FE5}.Debug|Any CPU.ActiveCfg = Debug|x86
		{EAE02866-F72A-414B-A35E-59E5DD1F2FE5}.Debug|ARM.ActiveCfg = Debug|ARM
		{EAE02866-F72A-414B-A35E-59E5DD1F2FE5}.Debug|ARM.Build.0 = Debug|ARM
		{EAE02866-F72A-414B-A35E-59E5DD1F2FE5}.Debug|ARM.Deploy.0 = Debug|ARM
		{EAE02866-F72A-414B-A35E-59E5DD1F2FE5}.Debug|x64.ActiveCfg = Debug|x64
		{EAE02866-F72A-414B-A35E-59E5DD1F2FE5}.Debug|x64.Build.0 = Debug|x64
		{EAE02866-F72A-414B-A35E-59E5DD1F2FE5}.Debug|x64.Deploy.0 = Debug|x64
		{EAE02866-F72A-414B-A35E-59E5DD1F2FE5}.Debug|x86.ActiveCfg = Debug|x86
		{EAE02866-F72A-414B-A35E-59E5DD1F2FE5}.Debug|x86.Build.0 = Debug|x86
		{EAE02866-F72A-414B-A35E-59E5DD1F2FE5}.Debug|x86.Deploy.0 = Debug|x86
		{EAE02866-F72A-414B-A35E-59E5DD1F2FE5}.Release|Any CPU.ActiveCfg = Release|x86
		{EAE02866-F72A-414B-A35E-59E5DD1F2FE5}.Release|ARM.ActiveCfg = Release|ARM
		{EAE02866-F72A-414B-A35E-59E5DD1F2FE5}.Release|ARM.Build.0 = Release|ARM
		{EAE02866-F72A-414B-A35E-59E5DD1F2FE5}.Release|ARM.Deploy.0 = Release|ARM
		{EAE02866-F72A-414B-A35E-59E5DD1F2FE5}.Release|x64.ActiveCfg = Release|x64
		{EAE02866-F72A-414B-A35E-59E5DD1F2FE5}.Release|x64.Build.0 = Release|x64
		{EAE02866-F72A-414B-A35E-59E5DD1F2FE5}.Release|x64.Deploy.0 = Release|x64
		{EAE02866-F72A-414B-A35E-59E5DD1F2FE5}.Release|x86.ActiveCfg = Release|x86
		{EAE02866-F72A-414B-A35E-59E5DD1F2FE5}.Release|x86.Build.0 = Release|x86
		{EAE02866-F72A-414B-A35E-59E5DD1F2FE5}.Release|x86.Deploy.0 = Release|x86
		{9BB357B7-9B06-4C51-B65F-FAAF0C11F659}.Debug|Any CPU.ActiveCfg = Debug|Any CPU
		{9BB357B7-9B06-4C51-B65F-FAAF0C11F659}.Debug|Any CPU.Build.0 = Debug|Any CPU
		{9BB357B7-9B06-4C51-B65F-FAAF0C11F659}.Debug|ARM.ActiveCfg = Debug|Any CPU
		{9BB357B7-9B06-4C51-B65F-FAAF0C11F659}.Debug|ARM.Build.0 = Debug|Any CPU
		{9BB357B7-9B06-4C51-B65F-FAAF0C11F659}.Debug|x64.ActiveCfg = Debug|Any CPU
		{9BB357B7-9B06-4C51-B65F-FAAF0C11F659}.Debug|x64.Build.0 = Debug|Any CPU
		{9BB357B7-9B06-4C51-B65F-FAAF0C11F659}.Debug|x86.ActiveCfg = Debug|Any CPU
		{9BB357B7-9B06-4C51-B65F-FAAF0C11F659}.Debug|x86.Build.0 = Debug|Any CPU
		{9BB357B7-9B06-4C51-B65F-FAAF0C11F659}.Release|Any CPU.ActiveCfg = Release|Any CPU
		{9BB357B7-9B06-4C51-B65F-FAAF0C11F659}.Release|Any CPU.Build.0 = Release|Any CPU
		{9BB357B7-9B06-4C51-B65F-FAAF0C11F659}.Release|ARM.ActiveCfg = Release|Any CPU
		{9BB357B7-9B06-4C51-B65F-FAAF0C11F659}.Release|ARM.Build.0 = Release|Any CPU
		{9BB357B7-9B06-4C51-B65F-FAAF0C11F659}.Release|x64.ActiveCfg = Release|Any CPU
		{9BB357B7-9B06-4C51-B65F-FAAF0C11F659}.Release|x64.Build.0 = Release|Any CPU
		{9BB357B7-9B06-4C51-B65F-FAAF0C11F659}.Release|x86.ActiveCfg = Release|Any CPU
		{9BB357B7-9B06-4C51-B65F-FAAF0C11F659}.Release|x86.Build.0 = Release|Any CPU
		{CB71776A-171A-4338-910C-632A2D98A8A3}.Debug|Any CPU.ActiveCfg = Debug|Any CPU
		{CB71776A-171A-4338-910C-632A2D98A8A3}.Debug|Any CPU.Build.0 = Debug|Any CPU
		{CB71776A-171A-4338-910C-632A2D98A8A3}.Debug|ARM.ActiveCfg = Debug|ARM
		{CB71776A-171A-4338-910C-632A2D98A8A3}.Debug|ARM.Build.0 = Debug|ARM
		{CB71776A-171A-4338-910C-632A2D98A8A3}.Debug|x64.ActiveCfg = Debug|x64
		{CB71776A-171A-4338-910C-632A2D98A8A3}.Debug|x64.Build.0 = Debug|x64
		{CB71776A-171A-4338-910C-632A2D98A8A3}.Debug|x86.ActiveCfg = Debug|x86
		{CB71776A-171A-4338-910C-632A2D98A8A3}.Debug|x86.Build.0 = Debug|x86
		{CB71776A-171A-4338-910C-632A2D98A8A3}.Release|Any CPU.ActiveCfg = Release|Any CPU
		{CB71776A-171A-4338-910C-632A2D98A8A3}.Release|Any CPU.Build.0 = Release|Any CPU
		{CB71776A-171A-4338-910C-632A2D98A8A3}.Release|ARM.ActiveCfg = Release|ARM
		{CB71776A-171A-4338-910C-632A2D98A8A3}.Release|ARM.Build.0 = Release|ARM
		{CB71776A-171A-4338-910C-632A2D98A8A3}.Release|x64.ActiveCfg = Release|x64
		{CB71776A-171A-4338-910C-632A2D98A8A3}.Release|x64.Build.0 = Release|x64
		{CB71776A-171A-4338-910C-632A2D98A8A3}.Release|x86.ActiveCfg = Release|x86
		{CB71776A-171A-4338-910C-632A2D98A8A3}.Release|x86.Build.0 = Release|x86
		{E694E5AB-871F-4639-9CFC-9CF65AE68FF0}.Debug|Any CPU.ActiveCfg = Debug|Any CPU
		{E694E5AB-871F-4639-9CFC-9CF65AE68FF0}.Debug|Any CPU.Build.0 = Debug|Any CPU
		{E694E5AB-871F-4639-9CFC-9CF65AE68FF0}.Debug|ARM.ActiveCfg = Debug|Any CPU
		{E694E5AB-871F-4639-9CFC-9CF65AE68FF0}.Debug|ARM.Build.0 = Debug|Any CPU
		{E694E5AB-871F-4639-9CFC-9CF65AE68FF0}.Debug|x64.ActiveCfg = Debug|Any CPU
		{E694E5AB-871F-4639-9CFC-9CF65AE68FF0}.Debug|x64.Build.0 = Debug|Any CPU
		{E694E5AB-871F-4639-9CFC-9CF65AE68FF0}.Debug|x86.ActiveCfg = Debug|Any CPU
		{E694E5AB-871F-4639-9CFC-9CF65AE68FF0}.Debug|x86.Build.0 = Debug|Any CPU
		{E694E5AB-871F-4639-9CFC-9CF65AE68FF0}.Release|Any CPU.ActiveCfg = Release|Any CPU
		{E694E5AB-871F-4639-9CFC-9CF65AE68FF0}.Release|Any CPU.Build.0 = Release|Any CPU
		{E694E5AB-871F-4639-9CFC-9CF65AE68FF0}.Release|ARM.ActiveCfg = Release|Any CPU
		{E694E5AB-871F-4639-9CFC-9CF65AE68FF0}.Release|ARM.Build.0 = Release|Any CPU
		{E694E5AB-871F-4639-9CFC-9CF65AE68FF0}.Release|x64.ActiveCfg = Release|Any CPU
		{E694E5AB-871F-4639-9CFC-9CF65AE68FF0}.Release|x64.Build.0 = Release|Any CPU
		{E694E5AB-871F-4639-9CFC-9CF65AE68FF0}.Release|x86.ActiveCfg = Release|Any CPU
		{E694E5AB-871F-4639-9CFC-9CF65AE68FF0}.Release|x86.Build.0 = Release|Any CPU
		{7A395D60-4F31-4F56-894D-0464CBA1CC55}.Debug|Any CPU.ActiveCfg = Debug|Any CPU
		{7A395D60-4F31-4F56-894D-0464CBA1CC55}.Debug|Any CPU.Build.0 = Debug|Any CPU
		{7A395D60-4F31-4F56-894D-0464CBA1CC55}.Debug|ARM.ActiveCfg = Debug|Any CPU
		{7A395D60-4F31-4F56-894D-0464CBA1CC55}.Debug|ARM.Build.0 = Debug|Any CPU
		{7A395D60-4F31-4F56-894D-0464CBA1CC55}.Debug|x64.ActiveCfg = Debug|Any CPU
		{7A395D60-4F31-4F56-894D-0464CBA1CC55}.Debug|x64.Build.0 = Debug|Any CPU
		{7A395D60-4F31-4F56-894D-0464CBA1CC55}.Debug|x86.ActiveCfg = Debug|Any CPU
		{7A395D60-4F31-4F56-894D-0464CBA1CC55}.Debug|x86.Build.0 = Debug|Any CPU
		{7A395D60-4F31-4F56-894D-0464CBA1CC55}.Release|Any CPU.ActiveCfg = Release|Any CPU
		{7A395D60-4F31-4F56-894D-0464CBA1CC55}.Release|Any CPU.Build.0 = Release|Any CPU
		{7A395D60-4F31-4F56-894D-0464CBA1CC55}.Release|ARM.ActiveCfg = Release|Any CPU
		{7A395D60-4F31-4F56-894D-0464CBA1CC55}.Release|ARM.Build.0 = Release|Any CPU
		{7A395D60-4F31-4F56-894D-0464CBA1CC55}.Release|x64.ActiveCfg = Release|Any CPU
		{7A395D60-4F31-4F56-894D-0464CBA1CC55}.Release|x64.Build.0 = Release|Any CPU
		{7A395D60-4F31-4F56-894D-0464CBA1CC55}.Release|x86.ActiveCfg = Release|Any CPU
		{7A395D60-4F31-4F56-894D-0464CBA1CC55}.Release|x86.Build.0 = Release|Any CPU
		{CE807FC5-505E-4DB0-BDF9-C77016B62779}.Debug|Any CPU.ActiveCfg = Debug|Any CPU
		{CE807FC5-505E-4DB0-BDF9-C77016B62779}.Debug|Any CPU.Build.0 = Debug|Any CPU
		{CE807FC5-505E-4DB0-BDF9-C77016B62779}.Debug|ARM.ActiveCfg = Debug|Any CPU
		{CE807FC5-505E-4DB0-BDF9-C77016B62779}.Debug|ARM.Build.0 = Debug|Any CPU
		{CE807FC5-505E-4DB0-BDF9-C77016B62779}.Debug|x64.ActiveCfg = Debug|Any CPU
		{CE807FC5-505E-4DB0-BDF9-C77016B62779}.Debug|x64.Build.0 = Debug|Any CPU
		{CE807FC5-505E-4DB0-BDF9-C77016B62779}.Debug|x86.ActiveCfg = Debug|Any CPU
		{CE807FC5-505E-4DB0-BDF9-C77016B62779}.Debug|x86.Build.0 = Debug|Any CPU
		{CE807FC5-505E-4DB0-BDF9-C77016B62779}.Release|Any CPU.ActiveCfg = Release|Any CPU
		{CE807FC5-505E-4DB0-BDF9-C77016B62779}.Release|Any CPU.Build.0 = Release|Any CPU
		{CE807FC5-505E-4DB0-BDF9-C77016B62779}.Release|ARM.ActiveCfg = Release|Any CPU
		{CE807FC5-505E-4DB0-BDF9-C77016B62779}.Release|ARM.Build.0 = Release|Any CPU
		{CE807FC5-505E-4DB0-BDF9-C77016B62779}.Release|x64.ActiveCfg = Release|Any CPU
		{CE807FC5-505E-4DB0-BDF9-C77016B62779}.Release|x64.Build.0 = Release|Any CPU
		{CE807FC5-505E-4DB0-BDF9-C77016B62779}.Release|x86.ActiveCfg = Release|Any CPU
		{CE807FC5-505E-4DB0-BDF9-C77016B62779}.Release|x86.Build.0 = Release|Any CPU
		{4EE47824-891A-4174-A000-91E1A405BA0B}.Debug|Any CPU.ActiveCfg = Debug|Any CPU
		{4EE47824-891A-4174-A000-91E1A405BA0B}.Debug|Any CPU.Build.0 = Debug|Any CPU
		{4EE47824-891A-4174-A000-91E1A405BA0B}.Debug|ARM.ActiveCfg = Debug|Any CPU
		{4EE47824-891A-4174-A000-91E1A405BA0B}.Debug|ARM.Build.0 = Debug|Any CPU
		{4EE47824-891A-4174-A000-91E1A405BA0B}.Debug|x64.ActiveCfg = Debug|Any CPU
		{4EE47824-891A-4174-A000-91E1A405BA0B}.Debug|x64.Build.0 = Debug|Any CPU
		{4EE47824-891A-4174-A000-91E1A405BA0B}.Debug|x86.ActiveCfg = Debug|Any CPU
		{4EE47824-891A-4174-A000-91E1A405BA0B}.Debug|x86.Build.0 = Debug|Any CPU
		{4EE47824-891A-4174-A000-91E1A405BA0B}.Release|Any CPU.ActiveCfg = Release|Any CPU
		{4EE47824-891A-4174-A000-91E1A405BA0B}.Release|Any CPU.Build.0 = Release|Any CPU
		{4EE47824-891A-4174-A000-91E1A405BA0B}.Release|ARM.ActiveCfg = Release|Any CPU
		{4EE47824-891A-4174-A000-91E1A405BA0B}.Release|ARM.Build.0 = Release|Any CPU
		{4EE47824-891A-4174-A000-91E1A405BA0B}.Release|x64.ActiveCfg = Release|Any CPU
		{4EE47824-891A-4174-A000-91E1A405BA0B}.Release|x64.Build.0 = Release|Any CPU
		{4EE47824-891A-4174-A000-91E1A405BA0B}.Release|x86.ActiveCfg = Release|Any CPU
		{4EE47824-891A-4174-A000-91E1A405BA0B}.Release|x86.Build.0 = Release|Any CPU
		{0A2C8B59-CD06-493F-8CC5-6E8AAB1F5F9B}.Debug|Any CPU.ActiveCfg = Debug|x86
		{0A2C8B59-CD06-493F-8CC5-6E8AAB1F5F9B}.Debug|ARM.ActiveCfg = Debug|ARM
		{0A2C8B59-CD06-493F-8CC5-6E8AAB1F5F9B}.Debug|ARM.Build.0 = Debug|ARM
		{0A2C8B59-CD06-493F-8CC5-6E8AAB1F5F9B}.Debug|ARM.Deploy.0 = Debug|ARM
		{0A2C8B59-CD06-493F-8CC5-6E8AAB1F5F9B}.Debug|x64.ActiveCfg = Debug|x64
		{0A2C8B59-CD06-493F-8CC5-6E8AAB1F5F9B}.Debug|x64.Build.0 = Debug|x64
		{0A2C8B59-CD06-493F-8CC5-6E8AAB1F5F9B}.Debug|x64.Deploy.0 = Debug|x64
		{0A2C8B59-CD06-493F-8CC5-6E8AAB1F5F9B}.Debug|x86.ActiveCfg = Debug|x86
		{0A2C8B59-CD06-493F-8CC5-6E8AAB1F5F9B}.Debug|x86.Build.0 = Debug|x86
		{0A2C8B59-CD06-493F-8CC5-6E8AAB1F5F9B}.Debug|x86.Deploy.0 = Debug|x86
		{0A2C8B59-CD06-493F-8CC5-6E8AAB1F5F9B}.Release|Any CPU.ActiveCfg = Release|x86
		{0A2C8B59-CD06-493F-8CC5-6E8AAB1F5F9B}.Release|ARM.ActiveCfg = Release|ARM
		{0A2C8B59-CD06-493F-8CC5-6E8AAB1F5F9B}.Release|ARM.Build.0 = Release|ARM
		{0A2C8B59-CD06-493F-8CC5-6E8AAB1F5F9B}.Release|ARM.Deploy.0 = Release|ARM
		{0A2C8B59-CD06-493F-8CC5-6E8AAB1F5F9B}.Release|x64.ActiveCfg = Release|x64
		{0A2C8B59-CD06-493F-8CC5-6E8AAB1F5F9B}.Release|x64.Build.0 = Release|x64
		{0A2C8B59-CD06-493F-8CC5-6E8AAB1F5F9B}.Release|x64.Deploy.0 = Release|x64
		{0A2C8B59-CD06-493F-8CC5-6E8AAB1F5F9B}.Release|x86.ActiveCfg = Release|x86
		{0A2C8B59-CD06-493F-8CC5-6E8AAB1F5F9B}.Release|x86.Build.0 = Release|x86
		{0A2C8B59-CD06-493F-8CC5-6E8AAB1F5F9B}.Release|x86.Deploy.0 = Release|x86
		{E7B0D02C-5053-4B2E-9B94-3420D52A5745}.Debug|Any CPU.ActiveCfg = Debug|x86
		{E7B0D02C-5053-4B2E-9B94-3420D52A5745}.Debug|ARM.ActiveCfg = Debug|ARM
		{E7B0D02C-5053-4B2E-9B94-3420D52A5745}.Debug|ARM.Build.0 = Debug|ARM
		{E7B0D02C-5053-4B2E-9B94-3420D52A5745}.Debug|ARM.Deploy.0 = Debug|ARM
		{E7B0D02C-5053-4B2E-9B94-3420D52A5745}.Debug|x64.ActiveCfg = Debug|x64
		{E7B0D02C-5053-4B2E-9B94-3420D52A5745}.Debug|x64.Build.0 = Debug|x64
		{E7B0D02C-5053-4B2E-9B94-3420D52A5745}.Debug|x64.Deploy.0 = Debug|x64
		{E7B0D02C-5053-4B2E-9B94-3420D52A5745}.Debug|x86.ActiveCfg = Debug|x86
		{E7B0D02C-5053-4B2E-9B94-3420D52A5745}.Debug|x86.Build.0 = Debug|x86
		{E7B0D02C-5053-4B2E-9B94-3420D52A5745}.Debug|x86.Deploy.0 = Debug|x86
		{E7B0D02C-5053-4B2E-9B94-3420D52A5745}.Release|Any CPU.ActiveCfg = Release|x86
		{E7B0D02C-5053-4B2E-9B94-3420D52A5745}.Release|ARM.ActiveCfg = Release|ARM
		{E7B0D02C-5053-4B2E-9B94-3420D52A5745}.Release|ARM.Build.0 = Release|ARM
		{E7B0D02C-5053-4B2E-9B94-3420D52A5745}.Release|ARM.Deploy.0 = Release|ARM
		{E7B0D02C-5053-4B2E-9B94-3420D52A5745}.Release|x64.ActiveCfg = Release|x64
		{E7B0D02C-5053-4B2E-9B94-3420D52A5745}.Release|x64.Build.0 = Release|x64
		{E7B0D02C-5053-4B2E-9B94-3420D52A5745}.Release|x64.Deploy.0 = Release|x64
		{E7B0D02C-5053-4B2E-9B94-3420D52A5745}.Release|x86.ActiveCfg = Release|x86
		{E7B0D02C-5053-4B2E-9B94-3420D52A5745}.Release|x86.Build.0 = Release|x86
		{E7B0D02C-5053-4B2E-9B94-3420D52A5745}.Release|x86.Deploy.0 = Release|x86
		{EF5EA191-30D7-4DFF-8CDF-FE4B3A0E340D}.Debug|Any CPU.ActiveCfg = Debug|Any CPU
		{EF5EA191-30D7-4DFF-8CDF-FE4B3A0E340D}.Debug|Any CPU.Build.0 = Debug|Any CPU
		{EF5EA191-30D7-4DFF-8CDF-FE4B3A0E340D}.Debug|ARM.ActiveCfg = Debug|ARM
		{EF5EA191-30D7-4DFF-8CDF-FE4B3A0E340D}.Debug|ARM.Build.0 = Debug|ARM
		{EF5EA191-30D7-4DFF-8CDF-FE4B3A0E340D}.Debug|x64.ActiveCfg = Debug|x64
		{EF5EA191-30D7-4DFF-8CDF-FE4B3A0E340D}.Debug|x64.Build.0 = Debug|x64
		{EF5EA191-30D7-4DFF-8CDF-FE4B3A0E340D}.Debug|x86.ActiveCfg = Debug|x86
		{EF5EA191-30D7-4DFF-8CDF-FE4B3A0E340D}.Debug|x86.Build.0 = Debug|x86
		{EF5EA191-30D7-4DFF-8CDF-FE4B3A0E340D}.Release|Any CPU.ActiveCfg = Release|Any CPU
		{EF5EA191-30D7-4DFF-8CDF-FE4B3A0E340D}.Release|Any CPU.Build.0 = Release|Any CPU
		{EF5EA191-30D7-4DFF-8CDF-FE4B3A0E340D}.Release|ARM.ActiveCfg = Release|ARM
		{EF5EA191-30D7-4DFF-8CDF-FE4B3A0E340D}.Release|ARM.Build.0 = Release|ARM
		{EF5EA191-30D7-4DFF-8CDF-FE4B3A0E340D}.Release|x64.ActiveCfg = Release|x64
		{EF5EA191-30D7-4DFF-8CDF-FE4B3A0E340D}.Release|x64.Build.0 = Release|x64
		{EF5EA191-30D7-4DFF-8CDF-FE4B3A0E340D}.Release|x86.ActiveCfg = Release|x86
		{EF5EA191-30D7-4DFF-8CDF-FE4B3A0E340D}.Release|x86.Build.0 = Release|x86
	EndGlobalSection
	GlobalSection(SolutionProperties) = preSolution
		HideSolutionNode = FALSE
	EndGlobalSection
	GlobalSection(NestedProjects) = preSolution
		{BD5DDA97-4EAC-408F-89E2-5BF68C66FDAF} = {50446C0D-687D-4424-AA00-A3AA6EF8915B}
		{EAE02866-F72A-414B-A35E-59E5DD1F2FE5} = {50446C0D-687D-4424-AA00-A3AA6EF8915B}
		{9BB357B7-9B06-4C51-B65F-FAAF0C11F659} = {C2C4D080-1349-4460-8CB4-59512532C494}
		{CB71776A-171A-4338-910C-632A2D98A8A3} = {50446C0D-687D-4424-AA00-A3AA6EF8915B}
		{E694E5AB-871F-4639-9CFC-9CF65AE68FF0} = {57A81100-30D4-4CEF-8690-65F7C377A855}
		{7A395D60-4F31-4F56-894D-0464CBA1CC55} = {57A81100-30D4-4CEF-8690-65F7C377A855}
		{CE807FC5-505E-4DB0-BDF9-C77016B62779} = {C2C4D080-1349-4460-8CB4-59512532C494}
		{4EE47824-891A-4174-A000-91E1A405BA0B} = {57A81100-30D4-4CEF-8690-65F7C377A855}
		{A453E687-D9ED-4A64-82C4-1F679FC20E23} = {255D4337-6EFF-4558-8194-5CF90224FF29}
		{0A2C8B59-CD06-493F-8CC5-6E8AAB1F5F9B} = {BFD6D481-F836-4CE6-8668-774BBDD1DC5A}
		{E7B0D02C-5053-4B2E-9B94-3420D52A5745} = {A453E687-D9ED-4A64-82C4-1F679FC20E23}
		{84E206A4-D5F7-499E-BA79-1E4EA362C162} = {A453E687-D9ED-4A64-82C4-1F679FC20E23}
		{EF5EA191-30D7-4DFF-8CDF-FE4B3A0E340D} = {BFD6D481-F836-4CE6-8668-774BBDD1DC5A}
		{C2C4D080-1349-4460-8CB4-59512532C494} = {50446C0D-687D-4424-AA00-A3AA6EF8915B}
		{BFD6D481-F836-4CE6-8668-774BBDD1DC5A} = {255D4337-6EFF-4558-8194-5CF90224FF29}
	EndGlobalSection
	GlobalSection(ExtensibilityGlobals) = postSolution
		SolutionGuid = {C53083C7-18EA-4EC3-84AD-5B9B47A4CA83}
	EndGlobalSection
EndGlobal
