
Microsoft Visual Studio Solution File, Format Version 12.00
# Visual Studio 2012
Project("{FAE04EC0-301F-11D3-BF4B-00C04F79EFBC}") = "Edison.Mobile.Admin.Client.Droid", "Droid\Edison.Mobile.Admin.Client.Droid.csproj", "{434B4034-70E6-432C-A019-84ADAA719432}"
EndProject
Project("{FAE04EC0-301F-11D3-BF4B-00C04F79EFBC}") = "Edison.Mobile.Admin.Client.iOS", "iOS\Edison.Mobile.Admin.Client.iOS.csproj", "{8DFB9EE9-A559-4DBF-A5E8-1DBB56574409}"
EndProject
Project("{FAE04EC0-301F-11D3-BF4B-00C04F79EFBC}") = "Edison.Mobile.Admin.Client.Core", "Edison.Mobile.Admin.Client.Core\Edison.Mobile.Admin.Client.Core.csproj", "{12ADE936-F3A7-4EC8-85DE-994A740671A8}"
EndProject
Global
	GlobalSection(SolutionConfigurationPlatforms) = preSolution
		Debug|Any CPU = Debug|Any CPU
		Release|Any CPU = Release|Any CPU
		Debug|iPhoneSimulator = Debug|iPhoneSimulator
		Release|iPhone = Release|iPhone
		Release|iPhoneSimulator = Release|iPhoneSimulator
		Debug|iPhone = Debug|iPhone
	EndGlobalSection
	GlobalSection(ProjectConfigurationPlatforms) = postSolution
		{434B4034-70E6-432C-A019-84ADAA719432}.Debug|Any CPU.ActiveCfg = Debug|Any CPU
		{434B4034-70E6-432C-A019-84ADAA719432}.Debug|Any CPU.Build.0 = Debug|Any CPU
		{434B4034-70E6-432C-A019-84ADAA719432}.Release|Any CPU.ActiveCfg = Release|Any CPU
		{434B4034-70E6-432C-A019-84ADAA719432}.Release|Any CPU.Build.0 = Release|Any CPU
		{434B4034-70E6-432C-A019-84ADAA719432}.Debug|iPhoneSimulator.ActiveCfg = Debug|Any CPU
		{434B4034-70E6-432C-A019-84ADAA719432}.Debug|iPhoneSimulator.Build.0 = Debug|Any CPU
		{434B4034-70E6-432C-A019-84ADAA719432}.Release|iPhone.ActiveCfg = Release|Any CPU
		{434B4034-70E6-432C-A019-84ADAA719432}.Release|iPhone.Build.0 = Release|Any CPU
		{434B4034-70E6-432C-A019-84ADAA719432}.Release|iPhoneSimulator.ActiveCfg = Release|Any CPU
		{434B4034-70E6-432C-A019-84ADAA719432}.Release|iPhoneSimulator.Build.0 = Release|Any CPU
		{434B4034-70E6-432C-A019-84ADAA719432}.Debug|iPhone.ActiveCfg = Debug|Any CPU
		{434B4034-70E6-432C-A019-84ADAA719432}.Debug|iPhone.Build.0 = Debug|Any CPU
		{8DFB9EE9-A559-4DBF-A5E8-1DBB56574409}.Debug|Any CPU.ActiveCfg = Debug|iPhoneSimulator
		{8DFB9EE9-A559-4DBF-A5E8-1DBB56574409}.Debug|Any CPU.Build.0 = Debug|iPhoneSimulator
		{8DFB9EE9-A559-4DBF-A5E8-1DBB56574409}.Release|Any CPU.ActiveCfg = Release|iPhone
		{8DFB9EE9-A559-4DBF-A5E8-1DBB56574409}.Release|Any CPU.Build.0 = Release|iPhone
		{8DFB9EE9-A559-4DBF-A5E8-1DBB56574409}.Debug|iPhoneSimulator.ActiveCfg = Debug|iPhoneSimulator
		{8DFB9EE9-A559-4DBF-A5E8-1DBB56574409}.Debug|iPhoneSimulator.Build.0 = Debug|iPhoneSimulator
		{8DFB9EE9-A559-4DBF-A5E8-1DBB56574409}.Release|iPhone.ActiveCfg = Release|iPhone
		{8DFB9EE9-A559-4DBF-A5E8-1DBB56574409}.Release|iPhone.Build.0 = Release|iPhone
		{8DFB9EE9-A559-4DBF-A5E8-1DBB56574409}.Release|iPhoneSimulator.ActiveCfg = Release|iPhoneSimulator
		{8DFB9EE9-A559-4DBF-A5E8-1DBB56574409}.Release|iPhoneSimulator.Build.0 = Release|iPhoneSimulator
		{8DFB9EE9-A559-4DBF-A5E8-1DBB56574409}.Debug|iPhone.ActiveCfg = Debug|iPhone
		{8DFB9EE9-A559-4DBF-A5E8-1DBB56574409}.Debug|iPhone.Build.0 = Debug|iPhone
		{12ADE936-F3A7-4EC8-85DE-994A740671A8}.Debug|Any CPU.ActiveCfg = Debug|Any CPU
		{12ADE936-F3A7-4EC8-85DE-994A740671A8}.Debug|Any CPU.Build.0 = Debug|Any CPU
		{12ADE936-F3A7-4EC8-85DE-994A740671A8}.Release|Any CPU.ActiveCfg = Release|Any CPU
		{12ADE936-F3A7-4EC8-85DE-994A740671A8}.Release|Any CPU.Build.0 = Release|Any CPU
		{12ADE936-F3A7-4EC8-85DE-994A740671A8}.Debug|iPhoneSimulator.ActiveCfg = Debug|Any CPU
		{12ADE936-F3A7-4EC8-85DE-994A740671A8}.Debug|iPhoneSimulator.Build.0 = Debug|Any CPU
		{12ADE936-F3A7-4EC8-85DE-994A740671A8}.Release|iPhone.ActiveCfg = Release|Any CPU
		{12ADE936-F3A7-4EC8-85DE-994A740671A8}.Release|iPhone.Build.0 = Release|Any CPU
		{12ADE936-F3A7-4EC8-85DE-994A740671A8}.Release|iPhoneSimulator.ActiveCfg = Release|Any CPU
		{12ADE936-F3A7-4EC8-85DE-994A740671A8}.Release|iPhoneSimulator.Build.0 = Release|Any CPU
		{12ADE936-F3A7-4EC8-85DE-994A740671A8}.Debug|iPhone.ActiveCfg = Debug|Any CPU
		{12ADE936-F3A7-4EC8-85DE-994A740671A8}.Debug|iPhone.Build.0 = Debug|Any CPU
	EndGlobalSection
EndGlobal
