
Microsoft Visual Studio Solution File, Format Version 12.00
# Visual Studio 15
Project("{FAE04EC0-301F-11D3-BF4B-00C04F79EFBC}") = "Edison.ChatBot.Client", "Edison.ChatBot.Client.csproj", "{DB5A83A7-EC19-4C18-870C-75A9E6FC5423}"
EndProject
Project("{FAE04EC0-301F-11D3-BF4B-00C04F79EFBC}") = "Edison.Core.ApiRestClient", "..\..\..\..\..\Edison.Core\Edison.Core.ApiRestClient\Edison.Core.ApiRestClient.csproj", "{C2945D8C-5F45-4296-B76C-9055F9A77E25}"
EndProject
Project("{FAE04EC0-301F-11D3-BF4B-00C04F79EFBC}") = "Edison.Core.Common", "..\..\..\..\..\Edison.Core\Edison.Core.Common\Edison.Core.Common.csproj", "{A01AA542-4F7E-4831-B38E-00E48F947EB8}"
EndProject
Global
	GlobalSection(SolutionConfigurationPlatforms) = preSolution
		Debug|Any CPU = Debug|Any CPU
		Release|Any CPU = Release|Any CPU
		iOS User|iPhoneSimulator = iOS User|iPhoneSimulator
		iOS User|iPhone = iOS User|iPhone
		Android User|Any CPU = Android User|Any CPU
	EndGlobalSection
	GlobalSection(ProjectConfigurationPlatforms) = postSolution
		{DB5A83A7-EC19-4C18-870C-75A9E6FC5423}.Debug|Any CPU.ActiveCfg = Debug|Any CPU
		{DB5A83A7-EC19-4C18-870C-75A9E6FC5423}.Debug|Any CPU.Build.0 = Debug|Any CPU
		{DB5A83A7-EC19-4C18-870C-75A9E6FC5423}.Release|Any CPU.ActiveCfg = Release|Any CPU
		{DB5A83A7-EC19-4C18-870C-75A9E6FC5423}.Release|Any CPU.Build.0 = Release|Any CPU
		{DB5A83A7-EC19-4C18-870C-75A9E6FC5423}.iOS User|iPhoneSimulator.ActiveCfg = Debug|Any CPU
		{DB5A83A7-EC19-4C18-870C-75A9E6FC5423}.iOS User|iPhoneSimulator.Build.0 = Debug|Any CPU
		{DB5A83A7-EC19-4C18-870C-75A9E6FC5423}.iOS User|iPhone.ActiveCfg = Debug|Any CPU
		{DB5A83A7-EC19-4C18-870C-75A9E6FC5423}.iOS User|iPhone.Build.0 = Debug|Any CPU
		{DB5A83A7-EC19-4C18-870C-75A9E6FC5423}.Android User|Any CPU.ActiveCfg = Debug|Any CPU
		{DB5A83A7-EC19-4C18-870C-75A9E6FC5423}.Android User|Any CPU.Build.0 = Debug|Any CPU
		{C2945D8C-5F45-4296-B76C-9055F9A77E25}.Debug|Any CPU.ActiveCfg = Debug|Any CPU
		{C2945D8C-5F45-4296-B76C-9055F9A77E25}.Debug|Any CPU.Build.0 = Debug|Any CPU
		{C2945D8C-5F45-4296-B76C-9055F9A77E25}.Release|Any CPU.ActiveCfg = Release|Any CPU
		{C2945D8C-5F45-4296-B76C-9055F9A77E25}.Release|Any CPU.Build.0 = Release|Any CPU
		{C2945D8C-5F45-4296-B76C-9055F9A77E25}.iOS User|iPhoneSimulator.ActiveCfg = iOS User|iPhoneSimulator
		{C2945D8C-5F45-4296-B76C-9055F9A77E25}.iOS User|iPhoneSimulator.Build.0 = iOS User|iPhoneSimulator
		{C2945D8C-5F45-4296-B76C-9055F9A77E25}.iOS User|iPhone.ActiveCfg = iOS User|iPhone
		{C2945D8C-5F45-4296-B76C-9055F9A77E25}.iOS User|iPhone.Build.0 = iOS User|iPhone
		{C2945D8C-5F45-4296-B76C-9055F9A77E25}.Android User|Any CPU.ActiveCfg = Android User|Any CPU
		{C2945D8C-5F45-4296-B76C-9055F9A77E25}.Android User|Any CPU.Build.0 = Android User|Any CPU
		{A01AA542-4F7E-4831-B38E-00E48F947EB8}.Debug|Any CPU.ActiveCfg = Debug|Any CPU
		{A01AA542-4F7E-4831-B38E-00E48F947EB8}.Debug|Any CPU.Build.0 = Debug|Any CPU
		{A01AA542-4F7E-4831-B38E-00E48F947EB8}.Release|Any CPU.ActiveCfg = Release|Any CPU
		{A01AA542-4F7E-4831-B38E-00E48F947EB8}.Release|Any CPU.Build.0 = Release|Any CPU
		{A01AA542-4F7E-4831-B38E-00E48F947EB8}.iOS User|iPhoneSimulator.ActiveCfg = iOS User|iPhoneSimulator
		{A01AA542-4F7E-4831-B38E-00E48F947EB8}.iOS User|iPhoneSimulator.Build.0 = iOS User|iPhoneSimulator
		{A01AA542-4F7E-4831-B38E-00E48F947EB8}.iOS User|iPhone.ActiveCfg = iOS User|iPhone
		{A01AA542-4F7E-4831-B38E-00E48F947EB8}.iOS User|iPhone.Build.0 = iOS User|iPhone
		{A01AA542-4F7E-4831-B38E-00E48F947EB8}.Android User|Any CPU.ActiveCfg = Android User|Any CPU
		{A01AA542-4F7E-4831-B38E-00E48F947EB8}.Android User|Any CPU.Build.0 = Android User|Any CPU
	EndGlobalSection
EndGlobal
