Microsoft Visual Studio Solution File, Format Version 12.00
# Visual Studio 15
VisualStudioVersion = 15.0.28010.2048
MinimumVisualStudioVersion = 10.0.40219.1
Project("{FAE04EC0-301F-11D3-BF4B-00C04F79EFBC}") = "Edison.Mobile.Common", "Edison.Mobile.Common\Edison.Mobile.Common.csproj", "{2EC1B495-F342-42B5-9792-4A6AE5E764CC}"
EndProject
Project("{2150E333-8FDC-42A3-9474-1A3956D46DE8}") = "Admin", "Admin", "{72387AFA-6771-4F82-B7E4-9FED92C7D4BB}"
EndProject
Project("{FAE04EC0-301F-11D3-BF4B-00C04F79EFBC}") = "Edison.Mobile.Admin.Client.iOS", "..\Edison.Mobile.Admin.Client\iOS\Edison.Mobile.Admin.Client.iOS.csproj", "{8DFB9EE9-A559-4DBF-A5E8-1DBB56574409}"
EndProject
Project("{FAE04EC0-301F-11D3-BF4B-00C04F79EFBC}") = "Edison.Mobile.Admin.Client.Droid", "..\Edison.Mobile.Admin.Client\Droid\Edison.Mobile.Admin.Client.Droid.csproj", "{434B4034-70E6-432C-A019-84ADAA719432}"
EndProject
Project("{2150E333-8FDC-42A3-9474-1A3956D46DE8}") = "User", "User", "{64BB727E-EF55-471C-BE3C-B1484568FD19}"
EndProject
Project("{FAE04EC0-301F-11D3-BF4B-00C04F79EFBC}") = "Edison.Mobile.User.Client.Droid", "..\Edison.Mobile.User.Client\Droid\Edison.Mobile.User.Client.Droid.csproj", "{B6BB24BF-FC1A-4C07-AEE5-560F823AA9CF}"
EndProject
Project("{FAE04EC0-301F-11D3-BF4B-00C04F79EFBC}") = "Edison.Mobile.User.Client.iOS", "..\Edison.Mobile.User.Client\iOS\Edison.Mobile.User.Client.iOS.csproj", "{7C8A411D-413E-4BC5-9493-0B3D2FAEA26F}"
EndProject
Project("{FAE04EC0-301F-11D3-BF4B-00C04F79EFBC}") = "Edison.Mobile.Admin.Client.Core", "..\Edison.Mobile.Admin.Client\Edison.Mobile.Admin.Client.Core\Edison.Mobile.Admin.Client.Core.csproj", "{50AE3418-3E4F-44BF-BF13-94372085A4D8}"
EndProject
Project("{FAE04EC0-301F-11D3-BF4B-00C04F79EFBC}") = "Edison.Mobile.User.Client.Core", "..\Edison.Mobile.User.Client\Edison.Mobile.User.Client.Core\Edison.Mobile.User.Client.Core.csproj", "{BB668B11-E2E1-46C0-A3B9-4A036CBFF55B}"
EndProject
Project("{FAE04EC0-301F-11D3-BF4B-00C04F79EFBC}") = "Edison.Mobile.iOS.Common", "Edison.Mobile.iOS.Common\Edison.Mobile.iOS.Common.csproj", "{52DCB616-8D77-4CEB-AFAF-8CD935513BD5}"
EndProject
Project("{2150E333-8FDC-42A3-9474-1A3956D46DE8}") = "Mobile.Common", "Mobile.Common", "{0EA87C47-435D-48D3-B880-E90D9F64D4BA}"
EndProject
Project("{FAE04EC0-301F-11D3-BF4B-00C04F79EFBC}") = "Edison.Mobile.Android.Common", "Edison.Mobile.Android.Common\Edison.Mobile.Android.Common.csproj", "{AA414052-365E-4269-B07D-AFD513336C8F}"
EndProject
Project("{2150E333-8FDC-42A3-9474-1A3956D46DE8}") = "Edison.Common", "Edison.Common", "{BB852809-AD3E-41E6-8B61-D89E27514B4B}"
EndProject
Project("{FAE04EC0-301F-11D3-BF4B-00C04F79EFBC}") = "Edison.Core.Common", "..\..\Edison.Core\Edison.Core.Common\Edison.Core.Common.csproj", "{3A1C71AF-E551-498A-BF79-C84D4E741F83}"
EndProject
Project("{FAE04EC0-301F-11D3-BF4B-00C04F79EFBC}") = "Edison.Core.ApiRestClient", "..\..\Edison.Core\Edison.Core.ApiRestClient\Edison.Core.ApiRestClient.csproj", "{B0BDB942-7BE5-4F71-8F80-4B7CEEFE249E}"
EndProject
Global
	GlobalSection(SolutionConfigurationPlatforms) = preSolution
		Android User|Any CPU = Android User|Any CPU
		Android User|iPhone = Android User|iPhone
		Android User|iPhoneSimulator = Android User|iPhoneSimulator
		Debug|Any CPU = Debug|Any CPU
		Debug|iPhone = Debug|iPhone
		Debug|iPhoneSimulator = Debug|iPhoneSimulator
		iOS User|Any CPU = iOS User|Any CPU
		iOS User|iPhone = iOS User|iPhone
		iOS User|iPhoneSimulator = iOS User|iPhoneSimulator
		Release|Any CPU = Release|Any CPU
		Release|iPhone = Release|iPhone
		Release|iPhoneSimulator = Release|iPhoneSimulator
	EndGlobalSection
	GlobalSection(ProjectConfigurationPlatforms) = postSolution
		{2EC1B495-F342-42B5-9792-4A6AE5E764CC}.Android User|Any CPU.ActiveCfg = Debug|Any CPU
		{2EC1B495-F342-42B5-9792-4A6AE5E764CC}.Android User|Any CPU.Build.0 = Debug|Any CPU
		{2EC1B495-F342-42B5-9792-4A6AE5E764CC}.Android User|iPhone.ActiveCfg = Release|Any CPU
		{2EC1B495-F342-42B5-9792-4A6AE5E764CC}.Android User|iPhone.Build.0 = Release|Any CPU
		{2EC1B495-F342-42B5-9792-4A6AE5E764CC}.Android User|iPhoneSimulator.ActiveCfg = Release|Any CPU
		{2EC1B495-F342-42B5-9792-4A6AE5E764CC}.Android User|iPhoneSimulator.Build.0 = Release|Any CPU
		{2EC1B495-F342-42B5-9792-4A6AE5E764CC}.Debug|Any CPU.ActiveCfg = Debug|Any CPU
		{2EC1B495-F342-42B5-9792-4A6AE5E764CC}.Debug|Any CPU.Build.0 = Debug|Any CPU
		{2EC1B495-F342-42B5-9792-4A6AE5E764CC}.Debug|iPhone.ActiveCfg = Debug|Any CPU
		{2EC1B495-F342-42B5-9792-4A6AE5E764CC}.Debug|iPhone.Build.0 = Debug|Any CPU
		{2EC1B495-F342-42B5-9792-4A6AE5E764CC}.Debug|iPhoneSimulator.ActiveCfg = Debug|Any CPU
		{2EC1B495-F342-42B5-9792-4A6AE5E764CC}.Debug|iPhoneSimulator.Build.0 = Debug|Any CPU
		{2EC1B495-F342-42B5-9792-4A6AE5E764CC}.iOS User|Any CPU.ActiveCfg = Release|Any CPU
		{2EC1B495-F342-42B5-9792-4A6AE5E764CC}.iOS User|Any CPU.Build.0 = Release|Any CPU
		{2EC1B495-F342-42B5-9792-4A6AE5E764CC}.iOS User|iPhone.ActiveCfg = Debug|Any CPU
		{2EC1B495-F342-42B5-9792-4A6AE5E764CC}.iOS User|iPhone.Build.0 = Debug|Any CPU
		{2EC1B495-F342-42B5-9792-4A6AE5E764CC}.iOS User|iPhoneSimulator.ActiveCfg = Debug|Any CPU
		{2EC1B495-F342-42B5-9792-4A6AE5E764CC}.iOS User|iPhoneSimulator.Build.0 = Debug|Any CPU
		{2EC1B495-F342-42B5-9792-4A6AE5E764CC}.Release|Any CPU.ActiveCfg = Release|Any CPU
		{2EC1B495-F342-42B5-9792-4A6AE5E764CC}.Release|Any CPU.Build.0 = Release|Any CPU
		{2EC1B495-F342-42B5-9792-4A6AE5E764CC}.Release|iPhone.ActiveCfg = Release|Any CPU
		{2EC1B495-F342-42B5-9792-4A6AE5E764CC}.Release|iPhone.Build.0 = Release|Any CPU
		{2EC1B495-F342-42B5-9792-4A6AE5E764CC}.Release|iPhoneSimulator.ActiveCfg = Release|Any CPU
		{2EC1B495-F342-42B5-9792-4A6AE5E764CC}.Release|iPhoneSimulator.Build.0 = Release|Any CPU
		{8DFB9EE9-A559-4DBF-A5E8-1DBB56574409}.Android User|Any CPU.ActiveCfg = Android User|Any CPU
		{8DFB9EE9-A559-4DBF-A5E8-1DBB56574409}.Android User|iPhone.ActiveCfg = Android User|iPhone
		{8DFB9EE9-A559-4DBF-A5E8-1DBB56574409}.Android User|iPhone.Build.0 = Android User|iPhone
		{8DFB9EE9-A559-4DBF-A5E8-1DBB56574409}.Android User|iPhoneSimulator.ActiveCfg = Android User|iPhoneSimulator
		{8DFB9EE9-A559-4DBF-A5E8-1DBB56574409}.Android User|iPhoneSimulator.Build.0 = Android User|iPhoneSimulator
		{8DFB9EE9-A559-4DBF-A5E8-1DBB56574409}.Debug|Any CPU.ActiveCfg = Debug|iPhoneSimulator
		{8DFB9EE9-A559-4DBF-A5E8-1DBB56574409}.Debug|Any CPU.Build.0 = Debug|iPhoneSimulator
		{8DFB9EE9-A559-4DBF-A5E8-1DBB56574409}.Debug|iPhone.ActiveCfg = Debug|iPhone
		{8DFB9EE9-A559-4DBF-A5E8-1DBB56574409}.Debug|iPhone.Build.0 = Debug|iPhone
		{8DFB9EE9-A559-4DBF-A5E8-1DBB56574409}.Debug|iPhoneSimulator.ActiveCfg = Debug|iPhoneSimulator
		{8DFB9EE9-A559-4DBF-A5E8-1DBB56574409}.Debug|iPhoneSimulator.Build.0 = Debug|iPhoneSimulator
		{8DFB9EE9-A559-4DBF-A5E8-1DBB56574409}.iOS User|Any CPU.ActiveCfg = iOS User|Any CPU
		{8DFB9EE9-A559-4DBF-A5E8-1DBB56574409}.iOS User|Any CPU.Build.0 = iOS User|Any CPU
		{8DFB9EE9-A559-4DBF-A5E8-1DBB56574409}.iOS User|iPhone.ActiveCfg = Debug|iPhone
		{8DFB9EE9-A559-4DBF-A5E8-1DBB56574409}.iOS User|iPhoneSimulator.ActiveCfg = Debug|iPhoneSimulator
		{8DFB9EE9-A559-4DBF-A5E8-1DBB56574409}.Release|Any CPU.ActiveCfg = Release|iPhone
		{8DFB9EE9-A559-4DBF-A5E8-1DBB56574409}.Release|Any CPU.Build.0 = Release|iPhone
		{8DFB9EE9-A559-4DBF-A5E8-1DBB56574409}.Release|iPhone.ActiveCfg = Release|iPhone
		{8DFB9EE9-A559-4DBF-A5E8-1DBB56574409}.Release|iPhone.Build.0 = Release|iPhone
		{8DFB9EE9-A559-4DBF-A5E8-1DBB56574409}.Release|iPhoneSimulator.ActiveCfg = Release|iPhoneSimulator
		{8DFB9EE9-A559-4DBF-A5E8-1DBB56574409}.Release|iPhoneSimulator.Build.0 = Release|iPhoneSimulator
		{434B4034-70E6-432C-A019-84ADAA719432}.Android User|Any CPU.ActiveCfg = Android User|Any CPU
		{434B4034-70E6-432C-A019-84ADAA719432}.Android User|iPhone.ActiveCfg = Android User|iPhone
		{434B4034-70E6-432C-A019-84ADAA719432}.Android User|iPhone.Build.0 = Android User|iPhone
		{434B4034-70E6-432C-A019-84ADAA719432}.Android User|iPhone.Deploy.0 = Android User|iPhone
		{434B4034-70E6-432C-A019-84ADAA719432}.Android User|iPhoneSimulator.ActiveCfg = Android User|iPhoneSimulator
		{434B4034-70E6-432C-A019-84ADAA719432}.Android User|iPhoneSimulator.Build.0 = Android User|iPhoneSimulator
		{434B4034-70E6-432C-A019-84ADAA719432}.Android User|iPhoneSimulator.Deploy.0 = Android User|iPhoneSimulator
		{434B4034-70E6-432C-A019-84ADAA719432}.Debug|Any CPU.ActiveCfg = Debug|Any CPU
		{434B4034-70E6-432C-A019-84ADAA719432}.Debug|Any CPU.Build.0 = Debug|Any CPU
		{434B4034-70E6-432C-A019-84ADAA719432}.Debug|iPhone.ActiveCfg = Debug|Any CPU
		{434B4034-70E6-432C-A019-84ADAA719432}.Debug|iPhone.Build.0 = Debug|Any CPU
		{434B4034-70E6-432C-A019-84ADAA719432}.Debug|iPhoneSimulator.ActiveCfg = Debug|Any CPU
		{434B4034-70E6-432C-A019-84ADAA719432}.Debug|iPhoneSimulator.Build.0 = Debug|Any CPU
		{434B4034-70E6-432C-A019-84ADAA719432}.iOS User|Any CPU.ActiveCfg = iOS User|Any CPU
		{434B4034-70E6-432C-A019-84ADAA719432}.iOS User|Any CPU.Build.0 = iOS User|Any CPU
		{434B4034-70E6-432C-A019-84ADAA719432}.iOS User|Any CPU.Deploy.0 = iOS User|Any CPU
		{434B4034-70E6-432C-A019-84ADAA719432}.iOS User|iPhone.ActiveCfg = iOS User|iPhone
		{434B4034-70E6-432C-A019-84ADAA719432}.iOS User|iPhone.Build.0 = iOS User|iPhone
		{434B4034-70E6-432C-A019-84ADAA719432}.iOS User|iPhone.Deploy.0 = iOS User|iPhone
		{434B4034-70E6-432C-A019-84ADAA719432}.iOS User|iPhoneSimulator.ActiveCfg = Debug|Any CPU
		{434B4034-70E6-432C-A019-84ADAA719432}.Release|Any CPU.ActiveCfg = Release|Any CPU
		{434B4034-70E6-432C-A019-84ADAA719432}.Release|Any CPU.Build.0 = Release|Any CPU
		{434B4034-70E6-432C-A019-84ADAA719432}.Release|iPhone.ActiveCfg = Release|Any CPU
		{434B4034-70E6-432C-A019-84ADAA719432}.Release|iPhone.Build.0 = Release|Any CPU
		{434B4034-70E6-432C-A019-84ADAA719432}.Release|iPhoneSimulator.ActiveCfg = Release|Any CPU
		{434B4034-70E6-432C-A019-84ADAA719432}.Release|iPhoneSimulator.Build.0 = Release|Any CPU
		{B6BB24BF-FC1A-4C07-AEE5-560F823AA9CF}.Android User|Any CPU.ActiveCfg = Debug|Any CPU
		{B6BB24BF-FC1A-4C07-AEE5-560F823AA9CF}.Android User|Any CPU.Build.0 = Debug|Any CPU
		{B6BB24BF-FC1A-4C07-AEE5-560F823AA9CF}.Android User|Any CPU.Deploy.0 = Debug|Any CPU
		{B6BB24BF-FC1A-4C07-AEE5-560F823AA9CF}.Android User|iPhone.ActiveCfg = Android User|iPhone
		{B6BB24BF-FC1A-4C07-AEE5-560F823AA9CF}.Android User|iPhone.Build.0 = Android User|iPhone
		{B6BB24BF-FC1A-4C07-AEE5-560F823AA9CF}.Android User|iPhone.Deploy.0 = Android User|iPhone
		{B6BB24BF-FC1A-4C07-AEE5-560F823AA9CF}.Android User|iPhoneSimulator.ActiveCfg = Android User|iPhoneSimulator
		{B6BB24BF-FC1A-4C07-AEE5-560F823AA9CF}.Android User|iPhoneSimulator.Build.0 = Android User|iPhoneSimulator
		{B6BB24BF-FC1A-4C07-AEE5-560F823AA9CF}.Android User|iPhoneSimulator.Deploy.0 = Android User|iPhoneSimulator
		{B6BB24BF-FC1A-4C07-AEE5-560F823AA9CF}.Debug|Any CPU.ActiveCfg = Debug|Any CPU
		{B6BB24BF-FC1A-4C07-AEE5-560F823AA9CF}.Debug|Any CPU.Build.0 = Debug|Any CPU
		{B6BB24BF-FC1A-4C07-AEE5-560F823AA9CF}.Debug|iPhone.ActiveCfg = Debug|Any CPU
		{B6BB24BF-FC1A-4C07-AEE5-560F823AA9CF}.Debug|iPhone.Build.0 = Debug|Any CPU
		{B6BB24BF-FC1A-4C07-AEE5-560F823AA9CF}.Debug|iPhoneSimulator.ActiveCfg = Debug|Any CPU
		{B6BB24BF-FC1A-4C07-AEE5-560F823AA9CF}.Debug|iPhoneSimulator.Build.0 = Debug|Any CPU
		{B6BB24BF-FC1A-4C07-AEE5-560F823AA9CF}.iOS User|Any CPU.ActiveCfg = iOS User|Any CPU
		{B6BB24BF-FC1A-4C07-AEE5-560F823AA9CF}.iOS User|Any CPU.Build.0 = iOS User|Any CPU
		{B6BB24BF-FC1A-4C07-AEE5-560F823AA9CF}.iOS User|Any CPU.Deploy.0 = iOS User|Any CPU
		{B6BB24BF-FC1A-4C07-AEE5-560F823AA9CF}.iOS User|iPhone.ActiveCfg = iOS User|iPhone
		{B6BB24BF-FC1A-4C07-AEE5-560F823AA9CF}.iOS User|iPhone.Build.0 = iOS User|iPhone
		{B6BB24BF-FC1A-4C07-AEE5-560F823AA9CF}.iOS User|iPhone.Deploy.0 = iOS User|iPhone
		{B6BB24BF-FC1A-4C07-AEE5-560F823AA9CF}.iOS User|iPhoneSimulator.ActiveCfg = Debug|Any CPU
		{B6BB24BF-FC1A-4C07-AEE5-560F823AA9CF}.Release|Any CPU.ActiveCfg = Release|Any CPU
		{B6BB24BF-FC1A-4C07-AEE5-560F823AA9CF}.Release|Any CPU.Build.0 = Release|Any CPU
		{B6BB24BF-FC1A-4C07-AEE5-560F823AA9CF}.Release|iPhone.ActiveCfg = Release|Any CPU
		{B6BB24BF-FC1A-4C07-AEE5-560F823AA9CF}.Release|iPhone.Build.0 = Release|Any CPU
		{B6BB24BF-FC1A-4C07-AEE5-560F823AA9CF}.Release|iPhoneSimulator.ActiveCfg = Release|Any CPU
		{B6BB24BF-FC1A-4C07-AEE5-560F823AA9CF}.Release|iPhoneSimulator.Build.0 = Release|Any CPU
		{7C8A411D-413E-4BC5-9493-0B3D2FAEA26F}.Android User|Any CPU.ActiveCfg = Android User|Any CPU
		{7C8A411D-413E-4BC5-9493-0B3D2FAEA26F}.Android User|iPhone.ActiveCfg = Android User|iPhone
		{7C8A411D-413E-4BC5-9493-0B3D2FAEA26F}.Android User|iPhone.Build.0 = Android User|iPhone
		{7C8A411D-413E-4BC5-9493-0B3D2FAEA26F}.Android User|iPhoneSimulator.ActiveCfg = Android User|iPhoneSimulator
		{7C8A411D-413E-4BC5-9493-0B3D2FAEA26F}.Android User|iPhoneSimulator.Build.0 = Android User|iPhoneSimulator
		{7C8A411D-413E-4BC5-9493-0B3D2FAEA26F}.Debug|Any CPU.ActiveCfg = Debug|iPhoneSimulator
		{7C8A411D-413E-4BC5-9493-0B3D2FAEA26F}.Debug|Any CPU.Build.0 = Debug|iPhoneSimulator
		{7C8A411D-413E-4BC5-9493-0B3D2FAEA26F}.Debug|iPhone.ActiveCfg = Debug|iPhone
		{7C8A411D-413E-4BC5-9493-0B3D2FAEA26F}.Debug|iPhone.Build.0 = Debug|iPhone
		{7C8A411D-413E-4BC5-9493-0B3D2FAEA26F}.Debug|iPhoneSimulator.ActiveCfg = Debug|iPhoneSimulator
		{7C8A411D-413E-4BC5-9493-0B3D2FAEA26F}.Debug|iPhoneSimulator.Build.0 = Debug|iPhoneSimulator
		{7C8A411D-413E-4BC5-9493-0B3D2FAEA26F}.iOS User|Any CPU.ActiveCfg = iOS User|Any CPU
		{7C8A411D-413E-4BC5-9493-0B3D2FAEA26F}.iOS User|Any CPU.Build.0 = iOS User|Any CPU
		{7C8A411D-413E-4BC5-9493-0B3D2FAEA26F}.iOS User|iPhone.ActiveCfg = Debug|iPhone
		{7C8A411D-413E-4BC5-9493-0B3D2FAEA26F}.iOS User|iPhone.Build.0 = Debug|iPhone
		{7C8A411D-413E-4BC5-9493-0B3D2FAEA26F}.iOS User|iPhoneSimulator.ActiveCfg = Debug|iPhoneSimulator
		{7C8A411D-413E-4BC5-9493-0B3D2FAEA26F}.iOS User|iPhoneSimulator.Build.0 = Debug|iPhoneSimulator
		{7C8A411D-413E-4BC5-9493-0B3D2FAEA26F}.Release|Any CPU.ActiveCfg = Release|iPhone
		{7C8A411D-413E-4BC5-9493-0B3D2FAEA26F}.Release|Any CPU.Build.0 = Release|iPhone
		{7C8A411D-413E-4BC5-9493-0B3D2FAEA26F}.Release|iPhone.ActiveCfg = Release|iPhone
		{7C8A411D-413E-4BC5-9493-0B3D2FAEA26F}.Release|iPhone.Build.0 = Release|iPhone
		{7C8A411D-413E-4BC5-9493-0B3D2FAEA26F}.Release|iPhoneSimulator.ActiveCfg = Release|iPhoneSimulator
		{7C8A411D-413E-4BC5-9493-0B3D2FAEA26F}.Release|iPhoneSimulator.Build.0 = Release|iPhoneSimulator
		{50AE3418-3E4F-44BF-BF13-94372085A4D8}.Android User|Any CPU.ActiveCfg = Release|Any CPU
		{50AE3418-3E4F-44BF-BF13-94372085A4D8}.Android User|Any CPU.Build.0 = Release|Any CPU
		{50AE3418-3E4F-44BF-BF13-94372085A4D8}.Android User|iPhone.ActiveCfg = Release|Any CPU
		{50AE3418-3E4F-44BF-BF13-94372085A4D8}.Android User|iPhone.Build.0 = Release|Any CPU
		{50AE3418-3E4F-44BF-BF13-94372085A4D8}.Android User|iPhoneSimulator.ActiveCfg = Release|Any CPU
		{50AE3418-3E4F-44BF-BF13-94372085A4D8}.Android User|iPhoneSimulator.Build.0 = Release|Any CPU
		{50AE3418-3E4F-44BF-BF13-94372085A4D8}.Debug|Any CPU.ActiveCfg = Debug|Any CPU
		{50AE3418-3E4F-44BF-BF13-94372085A4D8}.Debug|Any CPU.Build.0 = Debug|Any CPU
		{50AE3418-3E4F-44BF-BF13-94372085A4D8}.Debug|iPhone.ActiveCfg = Debug|Any CPU
		{50AE3418-3E4F-44BF-BF13-94372085A4D8}.Debug|iPhone.Build.0 = Debug|Any CPU
		{50AE3418-3E4F-44BF-BF13-94372085A4D8}.Debug|iPhoneSimulator.ActiveCfg = Debug|Any CPU
		{50AE3418-3E4F-44BF-BF13-94372085A4D8}.Debug|iPhoneSimulator.Build.0 = Debug|Any CPU
		{50AE3418-3E4F-44BF-BF13-94372085A4D8}.iOS User|Any CPU.ActiveCfg = Release|Any CPU
		{50AE3418-3E4F-44BF-BF13-94372085A4D8}.iOS User|Any CPU.Build.0 = Release|Any CPU
		{50AE3418-3E4F-44BF-BF13-94372085A4D8}.iOS User|iPhone.ActiveCfg = Release|Any CPU
		{50AE3418-3E4F-44BF-BF13-94372085A4D8}.iOS User|iPhone.Build.0 = Release|Any CPU
		{50AE3418-3E4F-44BF-BF13-94372085A4D8}.iOS User|iPhoneSimulator.ActiveCfg = Debug|Any CPU
		{50AE3418-3E4F-44BF-BF13-94372085A4D8}.Release|Any CPU.ActiveCfg = Release|Any CPU
		{50AE3418-3E4F-44BF-BF13-94372085A4D8}.Release|Any CPU.Build.0 = Release|Any CPU
		{50AE3418-3E4F-44BF-BF13-94372085A4D8}.Release|iPhone.ActiveCfg = Release|Any CPU
		{50AE3418-3E4F-44BF-BF13-94372085A4D8}.Release|iPhone.Build.0 = Release|Any CPU
		{50AE3418-3E4F-44BF-BF13-94372085A4D8}.Release|iPhoneSimulator.ActiveCfg = Release|Any CPU
		{50AE3418-3E4F-44BF-BF13-94372085A4D8}.Release|iPhoneSimulator.Build.0 = Release|Any CPU
		{BB668B11-E2E1-46C0-A3B9-4A036CBFF55B}.Android User|Any CPU.ActiveCfg = Debug|Any CPU
		{BB668B11-E2E1-46C0-A3B9-4A036CBFF55B}.Android User|Any CPU.Build.0 = Debug|Any CPU
		{BB668B11-E2E1-46C0-A3B9-4A036CBFF55B}.Android User|iPhone.ActiveCfg = Release|Any CPU
		{BB668B11-E2E1-46C0-A3B9-4A036CBFF55B}.Android User|iPhone.Build.0 = Release|Any CPU
		{BB668B11-E2E1-46C0-A3B9-4A036CBFF55B}.Android User|iPhoneSimulator.ActiveCfg = Release|Any CPU
		{BB668B11-E2E1-46C0-A3B9-4A036CBFF55B}.Android User|iPhoneSimulator.Build.0 = Release|Any CPU
		{BB668B11-E2E1-46C0-A3B9-4A036CBFF55B}.Debug|Any CPU.ActiveCfg = Debug|Any CPU
		{BB668B11-E2E1-46C0-A3B9-4A036CBFF55B}.Debug|Any CPU.Build.0 = Debug|Any CPU
		{BB668B11-E2E1-46C0-A3B9-4A036CBFF55B}.Debug|iPhone.ActiveCfg = Debug|Any CPU
		{BB668B11-E2E1-46C0-A3B9-4A036CBFF55B}.Debug|iPhone.Build.0 = Debug|Any CPU
		{BB668B11-E2E1-46C0-A3B9-4A036CBFF55B}.Debug|iPhoneSimulator.ActiveCfg = Debug|Any CPU
		{BB668B11-E2E1-46C0-A3B9-4A036CBFF55B}.Debug|iPhoneSimulator.Build.0 = Debug|Any CPU
		{BB668B11-E2E1-46C0-A3B9-4A036CBFF55B}.iOS User|Any CPU.ActiveCfg = Release|Any CPU
		{BB668B11-E2E1-46C0-A3B9-4A036CBFF55B}.iOS User|Any CPU.Build.0 = Release|Any CPU
		{BB668B11-E2E1-46C0-A3B9-4A036CBFF55B}.iOS User|iPhone.ActiveCfg = Debug|Any CPU
		{BB668B11-E2E1-46C0-A3B9-4A036CBFF55B}.iOS User|iPhone.Build.0 = Debug|Any CPU
		{BB668B11-E2E1-46C0-A3B9-4A036CBFF55B}.iOS User|iPhoneSimulator.ActiveCfg = Debug|Any CPU
		{BB668B11-E2E1-46C0-A3B9-4A036CBFF55B}.iOS User|iPhoneSimulator.Build.0 = Debug|Any CPU
		{BB668B11-E2E1-46C0-A3B9-4A036CBFF55B}.Release|Any CPU.ActiveCfg = Release|Any CPU
		{BB668B11-E2E1-46C0-A3B9-4A036CBFF55B}.Release|Any CPU.Build.0 = Release|Any CPU
		{BB668B11-E2E1-46C0-A3B9-4A036CBFF55B}.Release|iPhone.ActiveCfg = Release|Any CPU
		{BB668B11-E2E1-46C0-A3B9-4A036CBFF55B}.Release|iPhone.Build.0 = Release|Any CPU
		{BB668B11-E2E1-46C0-A3B9-4A036CBFF55B}.Release|iPhoneSimulator.ActiveCfg = Release|Any CPU
		{BB668B11-E2E1-46C0-A3B9-4A036CBFF55B}.Release|iPhoneSimulator.Build.0 = Release|Any CPU
		{52DCB616-8D77-4CEB-AFAF-8CD935513BD5}.Android User|Any CPU.ActiveCfg = Android User|Any CPU
		{52DCB616-8D77-4CEB-AFAF-8CD935513BD5}.Android User|iPhone.ActiveCfg = Android User|iPhone
		{52DCB616-8D77-4CEB-AFAF-8CD935513BD5}.Android User|iPhone.Build.0 = Android User|iPhone
		{52DCB616-8D77-4CEB-AFAF-8CD935513BD5}.Android User|iPhoneSimulator.ActiveCfg = Android User|iPhoneSimulator
		{52DCB616-8D77-4CEB-AFAF-8CD935513BD5}.Android User|iPhoneSimulator.Build.0 = Android User|iPhoneSimulator
		{52DCB616-8D77-4CEB-AFAF-8CD935513BD5}.Debug|Any CPU.ActiveCfg = Debug|Any CPU
		{52DCB616-8D77-4CEB-AFAF-8CD935513BD5}.Debug|Any CPU.Build.0 = Debug|Any CPU
		{52DCB616-8D77-4CEB-AFAF-8CD935513BD5}.Debug|iPhone.ActiveCfg = Debug|Any CPU
		{52DCB616-8D77-4CEB-AFAF-8CD935513BD5}.Debug|iPhone.Build.0 = Debug|Any CPU
		{52DCB616-8D77-4CEB-AFAF-8CD935513BD5}.Debug|iPhoneSimulator.ActiveCfg = Debug|Any CPU
		{52DCB616-8D77-4CEB-AFAF-8CD935513BD5}.Debug|iPhoneSimulator.Build.0 = Debug|Any CPU
		{52DCB616-8D77-4CEB-AFAF-8CD935513BD5}.iOS User|Any CPU.ActiveCfg = iOS User|Any CPU
		{52DCB616-8D77-4CEB-AFAF-8CD935513BD5}.iOS User|Any CPU.Build.0 = iOS User|Any CPU
		{52DCB616-8D77-4CEB-AFAF-8CD935513BD5}.iOS User|iPhone.ActiveCfg = Debug|Any CPU
		{52DCB616-8D77-4CEB-AFAF-8CD935513BD5}.iOS User|iPhone.Build.0 = Debug|Any CPU
		{52DCB616-8D77-4CEB-AFAF-8CD935513BD5}.iOS User|iPhoneSimulator.ActiveCfg = Debug|Any CPU
		{52DCB616-8D77-4CEB-AFAF-8CD935513BD5}.iOS User|iPhoneSimulator.Build.0 = Debug|Any CPU
		{52DCB616-8D77-4CEB-AFAF-8CD935513BD5}.Release|Any CPU.ActiveCfg = Release|Any CPU
		{52DCB616-8D77-4CEB-AFAF-8CD935513BD5}.Release|Any CPU.Build.0 = Release|Any CPU
		{52DCB616-8D77-4CEB-AFAF-8CD935513BD5}.Release|iPhone.ActiveCfg = Release|Any CPU
		{52DCB616-8D77-4CEB-AFAF-8CD935513BD5}.Release|iPhone.Build.0 = Release|Any CPU
		{52DCB616-8D77-4CEB-AFAF-8CD935513BD5}.Release|iPhoneSimulator.ActiveCfg = Release|Any CPU
		{52DCB616-8D77-4CEB-AFAF-8CD935513BD5}.Release|iPhoneSimulator.Build.0 = Release|Any CPU
		{AA414052-365E-4269-B07D-AFD513336C8F}.Android User|Any CPU.ActiveCfg = Debug|Any CPU
		{AA414052-365E-4269-B07D-AFD513336C8F}.Android User|Any CPU.Build.0 = Debug|Any CPU
		{AA414052-365E-4269-B07D-AFD513336C8F}.Android User|iPhone.ActiveCfg = Android User|iPhone
		{AA414052-365E-4269-B07D-AFD513336C8F}.Android User|iPhone.Build.0 = Android User|iPhone
		{AA414052-365E-4269-B07D-AFD513336C8F}.Android User|iPhoneSimulator.ActiveCfg = Android User|iPhoneSimulator
		{AA414052-365E-4269-B07D-AFD513336C8F}.Android User|iPhoneSimulator.Build.0 = Android User|iPhoneSimulator
		{AA414052-365E-4269-B07D-AFD513336C8F}.Debug|Any CPU.ActiveCfg = Debug|Any CPU
		{AA414052-365E-4269-B07D-AFD513336C8F}.Debug|Any CPU.Build.0 = Debug|Any CPU
		{AA414052-365E-4269-B07D-AFD513336C8F}.Debug|iPhone.ActiveCfg = Debug|Any CPU
		{AA414052-365E-4269-B07D-AFD513336C8F}.Debug|iPhone.Build.0 = Debug|Any CPU
		{AA414052-365E-4269-B07D-AFD513336C8F}.Debug|iPhoneSimulator.ActiveCfg = Debug|Any CPU
		{AA414052-365E-4269-B07D-AFD513336C8F}.Debug|iPhoneSimulator.Build.0 = Debug|Any CPU
		{AA414052-365E-4269-B07D-AFD513336C8F}.iOS User|Any CPU.ActiveCfg = iOS User|Any CPU
		{AA414052-365E-4269-B07D-AFD513336C8F}.iOS User|Any CPU.Build.0 = iOS User|Any CPU
		{AA414052-365E-4269-B07D-AFD513336C8F}.iOS User|iPhone.ActiveCfg = iOS User|iPhone
		{AA414052-365E-4269-B07D-AFD513336C8F}.iOS User|iPhone.Build.0 = iOS User|iPhone
		{AA414052-365E-4269-B07D-AFD513336C8F}.iOS User|iPhoneSimulator.ActiveCfg = Debug|Any CPU
		{AA414052-365E-4269-B07D-AFD513336C8F}.Release|Any CPU.ActiveCfg = Release|Any CPU
		{AA414052-365E-4269-B07D-AFD513336C8F}.Release|Any CPU.Build.0 = Release|Any CPU
		{AA414052-365E-4269-B07D-AFD513336C8F}.Release|iPhone.ActiveCfg = Release|Any CPU
		{AA414052-365E-4269-B07D-AFD513336C8F}.Release|iPhone.Build.0 = Release|Any CPU
		{AA414052-365E-4269-B07D-AFD513336C8F}.Release|iPhoneSimulator.ActiveCfg = Release|Any CPU
		{AA414052-365E-4269-B07D-AFD513336C8F}.Release|iPhoneSimulator.Build.0 = Release|Any CPU
		{3A1C71AF-E551-498A-BF79-C84D4E741F83}.Android User|Any CPU.ActiveCfg = Debug|Any CPU
		{3A1C71AF-E551-498A-BF79-C84D4E741F83}.Android User|Any CPU.Build.0 = Debug|Any CPU
		{3A1C71AF-E551-498A-BF79-C84D4E741F83}.Android User|iPhone.ActiveCfg = Release|Any CPU
		{3A1C71AF-E551-498A-BF79-C84D4E741F83}.Android User|iPhone.Build.0 = Release|Any CPU
		{3A1C71AF-E551-498A-BF79-C84D4E741F83}.Android User|iPhoneSimulator.ActiveCfg = Release|Any CPU
		{3A1C71AF-E551-498A-BF79-C84D4E741F83}.Android User|iPhoneSimulator.Build.0 = Release|Any CPU
		{3A1C71AF-E551-498A-BF79-C84D4E741F83}.Debug|Any CPU.ActiveCfg = Debug|Any CPU
		{3A1C71AF-E551-498A-BF79-C84D4E741F83}.Debug|Any CPU.Build.0 = Debug|Any CPU
		{3A1C71AF-E551-498A-BF79-C84D4E741F83}.Debug|iPhone.ActiveCfg = Debug|Any CPU
		{3A1C71AF-E551-498A-BF79-C84D4E741F83}.Debug|iPhone.Build.0 = Debug|Any CPU
		{3A1C71AF-E551-498A-BF79-C84D4E741F83}.Debug|iPhoneSimulator.ActiveCfg = Debug|Any CPU
		{3A1C71AF-E551-498A-BF79-C84D4E741F83}.Debug|iPhoneSimulator.Build.0 = Debug|Any CPU
		{3A1C71AF-E551-498A-BF79-C84D4E741F83}.iOS User|Any CPU.ActiveCfg = Release|Any CPU
		{3A1C71AF-E551-498A-BF79-C84D4E741F83}.iOS User|Any CPU.Build.0 = Release|Any CPU
		{3A1C71AF-E551-498A-BF79-C84D4E741F83}.iOS User|iPhone.ActiveCfg = Debug|Any CPU
		{3A1C71AF-E551-498A-BF79-C84D4E741F83}.iOS User|iPhone.Build.0 = Debug|Any CPU
		{3A1C71AF-E551-498A-BF79-C84D4E741F83}.iOS User|iPhoneSimulator.ActiveCfg = Debug|Any CPU
		{3A1C71AF-E551-498A-BF79-C84D4E741F83}.iOS User|iPhoneSimulator.Build.0 = Debug|Any CPU
		{3A1C71AF-E551-498A-BF79-C84D4E741F83}.Release|Any CPU.ActiveCfg = Release|Any CPU
		{3A1C71AF-E551-498A-BF79-C84D4E741F83}.Release|Any CPU.Build.0 = Release|Any CPU
		{3A1C71AF-E551-498A-BF79-C84D4E741F83}.Release|iPhone.ActiveCfg = Release|Any CPU
		{3A1C71AF-E551-498A-BF79-C84D4E741F83}.Release|iPhone.Build.0 = Release|Any CPU
		{3A1C71AF-E551-498A-BF79-C84D4E741F83}.Release|iPhoneSimulator.ActiveCfg = Release|Any CPU
		{3A1C71AF-E551-498A-BF79-C84D4E741F83}.Release|iPhoneSimulator.Build.0 = Release|Any CPU
		{B0BDB942-7BE5-4F71-8F80-4B7CEEFE249E}.Android User|Any CPU.ActiveCfg = Release|Any CPU
		{B0BDB942-7BE5-4F71-8F80-4B7CEEFE249E}.Android User|Any CPU.Build.0 = Release|Any CPU
		{B0BDB942-7BE5-4F71-8F80-4B7CEEFE249E}.Android User|iPhone.ActiveCfg = Release|Any CPU
		{B0BDB942-7BE5-4F71-8F80-4B7CEEFE249E}.Android User|iPhone.Build.0 = Release|Any CPU
		{B0BDB942-7BE5-4F71-8F80-4B7CEEFE249E}.Android User|iPhoneSimulator.ActiveCfg = Release|Any CPU
		{B0BDB942-7BE5-4F71-8F80-4B7CEEFE249E}.Android User|iPhoneSimulator.Build.0 = Release|Any CPU
		{B0BDB942-7BE5-4F71-8F80-4B7CEEFE249E}.Debug|Any CPU.ActiveCfg = Debug|Any CPU
		{B0BDB942-7BE5-4F71-8F80-4B7CEEFE249E}.Debug|Any CPU.Build.0 = Debug|Any CPU
		{B0BDB942-7BE5-4F71-8F80-4B7CEEFE249E}.Debug|iPhone.ActiveCfg = Debug|Any CPU
		{B0BDB942-7BE5-4F71-8F80-4B7CEEFE249E}.Debug|iPhone.Build.0 = Debug|Any CPU
		{B0BDB942-7BE5-4F71-8F80-4B7CEEFE249E}.Debug|iPhoneSimulator.ActiveCfg = Debug|Any CPU
		{B0BDB942-7BE5-4F71-8F80-4B7CEEFE249E}.Debug|iPhoneSimulator.Build.0 = Debug|Any CPU
		{B0BDB942-7BE5-4F71-8F80-4B7CEEFE249E}.iOS User|Any CPU.ActiveCfg = Release|Any CPU
		{B0BDB942-7BE5-4F71-8F80-4B7CEEFE249E}.iOS User|Any CPU.Build.0 = Release|Any CPU
		{B0BDB942-7BE5-4F71-8F80-4B7CEEFE249E}.iOS User|iPhone.ActiveCfg = Release|Any CPU
		{B0BDB942-7BE5-4F71-8F80-4B7CEEFE249E}.iOS User|iPhone.Build.0 = Release|Any CPU
		{B0BDB942-7BE5-4F71-8F80-4B7CEEFE249E}.iOS User|iPhoneSimulator.ActiveCfg = Debug|Any CPU
		{B0BDB942-7BE5-4F71-8F80-4B7CEEFE249E}.Release|Any CPU.ActiveCfg = Release|Any CPU
		{B0BDB942-7BE5-4F71-8F80-4B7CEEFE249E}.Release|Any CPU.Build.0 = Release|Any CPU
		{B0BDB942-7BE5-4F71-8F80-4B7CEEFE249E}.Release|iPhone.ActiveCfg = Release|Any CPU
		{B0BDB942-7BE5-4F71-8F80-4B7CEEFE249E}.Release|iPhone.Build.0 = Release|Any CPU
		{B0BDB942-7BE5-4F71-8F80-4B7CEEFE249E}.Release|iPhoneSimulator.ActiveCfg = Release|Any CPU
		{B0BDB942-7BE5-4F71-8F80-4B7CEEFE249E}.Release|iPhoneSimulator.Build.0 = Release|Any CPU
	EndGlobalSection
	GlobalSection(SolutionProperties) = preSolution
		HideSolutionNode = FALSE
	EndGlobalSection
	GlobalSection(NestedProjects) = preSolution
		{2EC1B495-F342-42B5-9792-4A6AE5E764CC} = {0EA87C47-435D-48D3-B880-E90D9F64D4BA}
		{8DFB9EE9-A559-4DBF-A5E8-1DBB56574409} = {72387AFA-6771-4F82-B7E4-9FED92C7D4BB}
		{434B4034-70E6-432C-A019-84ADAA719432} = {72387AFA-6771-4F82-B7E4-9FED92C7D4BB}
		{B6BB24BF-FC1A-4C07-AEE5-560F823AA9CF} = {64BB727E-EF55-471C-BE3C-B1484568FD19}
		{7C8A411D-413E-4BC5-9493-0B3D2FAEA26F} = {64BB727E-EF55-471C-BE3C-B1484568FD19}
		{50AE3418-3E4F-44BF-BF13-94372085A4D8} = {72387AFA-6771-4F82-B7E4-9FED92C7D4BB}
		{BB668B11-E2E1-46C0-A3B9-4A036CBFF55B} = {64BB727E-EF55-471C-BE3C-B1484568FD19}
		{52DCB616-8D77-4CEB-AFAF-8CD935513BD5} = {0EA87C47-435D-48D3-B880-E90D9F64D4BA}
		{AA414052-365E-4269-B07D-AFD513336C8F} = {0EA87C47-435D-48D3-B880-E90D9F64D4BA}
		{3A1C71AF-E551-498A-BF79-C84D4E741F83} = {BB852809-AD3E-41E6-8B61-D89E27514B4B}
		{B0BDB942-7BE5-4F71-8F80-4B7CEEFE249E} = {BB852809-AD3E-41E6-8B61-D89E27514B4B}
	EndGlobalSection
	GlobalSection(ExtensibilityGlobals) = postSolution
		SolutionGuid = {CD73BE37-177D-4E5E-AD23-9567B6239C96}
	EndGlobalSection
EndGlobal
